
Microsoft Visual Studio Solution File, Format Version 12.00
# Visual Studio Version 17
VisualStudioVersion = 17.9.34902.65
MinimumVisualStudioVersion = 10.0.40219.1
Project("{9A19103F-16F7-4668-BE54-9A1E7A4F7556}") = "ConsoleAppNet8", "ConsoleAppNet8\ConsoleAppNet8.csproj", "{131D3552-3C77-4B60-9B58-3558ACD2D046}"
EndProject
Project("{FAE04EC0-301F-11D3-BF4B-00C04F79EFBC}") = "ConsoleAppFramework48", "ConsoleAppFramework48\ConsoleAppFramework48.csproj", "{D4DA8C29-185C-41B7-AC3A-88A590E830C4}"
EndProject
Global
	GlobalSection(SolutionConfigurationPlatforms) = preSolution
		Debug|Any CPU = Debug|Any CPU
		Release|Any CPU = Release|Any CPU
	EndGlobalSection
	GlobalSection(ProjectConfigurationPlatforms) = postSolution
		{131D3552-3C77-4B60-9B58-3558ACD2D046}.Debug|Any CPU.ActiveCfg = Debug|Any CPU
		{131D3552-3C77-4B60-9B58-3558ACD2D046}.Debug|Any CPU.Build.0 = Debug|Any CPU
		{131D3552-3C77-4B60-9B58-3558ACD2D046}.Release|Any CPU.ActiveCfg = Release|Any CPU
		{131D3552-3C77-4B60-9B58-3558ACD2D046}.Release|Any CPU.Build.0 = Release|Any CPU
		{D4DA8C29-185C-41B7-AC3A-88A590E830C4}.Debug|Any CPU.ActiveCfg = Debug|Any CPU
		{D4DA8C29-185C-41B7-AC3A-88A590E830C4}.Debug|Any CPU.Build.0 = Debug|Any CPU
		{D4DA8C29-185C-41B7-AC3A-88A590E830C4}.Release|Any CPU.ActiveCfg = Release|Any CPU
		{D4DA8C29-185C-41B7-AC3A-88A590E830C4}.Release|Any CPU.Build.0 = Release|Any CPU
	EndGlobalSection
	GlobalSection(SolutionProperties) = preSolution
		HideSolutionNode = FALSE
	EndGlobalSection
	GlobalSection(ExtensibilityGlobals) = postSolution
		SolutionGuid = {BE9BD70A-179C-45E0-AD3F-D63A4BC98268}
	EndGlobalSection
EndGlobal
